
Microsoft Visual Studio Solution File, Format Version 12.00
# Visual Studio 15
VisualStudioVersion = 15.0.28010.2046
MinimumVisualStudioVersion = 10.0.40219.1
Project("{FAE04EC0-301F-11D3-BF4B-00C04F79EFBC}") = "app_Processi1", "app_Processi1\app_Processi1.csproj", "{C75971AC-A68A-44B2-A8BE-92CB0688735E}"
EndProject
Global
	GlobalSection(SolutionConfigurationPlatforms) = preSolution
		Debug|Any CPU = Debug|Any CPU
		Release|Any CPU = Release|Any CPU
	EndGlobalSection
	GlobalSection(ProjectConfigurationPlatforms) = postSolution
		{C75971AC-A68A-44B2-A8BE-92CB0688735E}.Debug|Any CPU.ActiveCfg = Debug|Any CPU
		{C75971AC-A68A-44B2-A8BE-92CB0688735E}.Debug|Any CPU.Build.0 = Debug|Any CPU
		{C75971AC-A68A-44B2-A8BE-92CB0688735E}.Release|Any CPU.ActiveCfg = Release|Any CPU
		{C75971AC-A68A-44B2-A8BE-92CB0688735E}.Release|Any CPU.Build.0 = Release|Any CPU
	EndGlobalSection
	GlobalSection(SolutionProperties) = preSolution
		HideSolutionNode = FALSE
	EndGlobalSection
	GlobalSection(ExtensibilityGlobals) = postSolution
		SolutionGuid = {F98614F5-F297-4E05-AAE2-4D64293380ED}
	EndGlobalSection
EndGlobal
